
Microsoft Visual Studio Solution File, Format Version 12.00
# Visual Studio Version 17
VisualStudioVersion = 17.0.31903.59
MinimumVisualStudioVersion = 10.0.40219.1
Project("{2150E333-8FDC-42A3-9474-1A3956D46DE8}") = "src", "src", "{06F4A075-8F89-4117-8DAA-8E6E328A683D}"
EndProject
Project("{FAE04EC0-301F-11D3-BF4B-00C04F79EFBC}") = "Temporal.Analyzers", "src\Temporal.Analyzers\Temporal.Analyzers.csproj", "{C67E9F04-D9B1-4769-9097-482AE147CFC4}"
EndProject
Project("{FAE04EC0-301F-11D3-BF4B-00C04F79EFBC}") = "Temporal.Cli", "src\Temporal.Cli\Temporal.Cli.csproj", "{297CA128-AF4A-41CC-AE08-83DC97925191}"
EndProject
Project("{2150E333-8FDC-42A3-9474-1A3956D46DE8}") = "tests", "tests", "{D08D863A-2835-4C63-AFC0-D85D190FA775}"
EndProject
Project("{FAE04EC0-301F-11D3-BF4B-00C04F79EFBC}") = "Temporal.Analyzers.Tests", "tests\Temporal.Analyzers.Tests\Temporal.Analyzers.Tests.csproj", "{BD158526-2B10-42AF-8DE1-444197385AF7}"
EndProject
Project("{FAE04EC0-301F-11D3-BF4B-00C04F79EFBC}") = "Temporal.Cli.Tests", "tests\Temporal.Cli.Tests\Temporal.Cli.Tests.csproj", "{87862985-5347-4877-AC20-626CC36FBE97}"
EndProject
Project("{FAE04EC0-301F-11D3-BF4B-00C04F79EFBC}") = "Temporal.Testing", "src\Temporal.Testing\Temporal.Testing.csproj", "{3696D74A-0A17-439D-8586-A0983B42429C}"
EndProject
Project("{FAE04EC0-301F-11D3-BF4B-00C04F79EFBC}") = "Temporal.Testing.Tests", "tests\Temporal.Testing.Tests\Temporal.Testing.Tests.csproj", "{75CD7969-8A76-4B1C-9B66-680638EB218D}"
EndProject
Project("{FAE04EC0-301F-11D3-BF4B-00C04F79EFBC}") = "Temporal.Hosting", "src\Temporal.Hosting\Temporal.Hosting.csproj", "{57E9BE32-C587-494C-8069-10E8C426A247}"
EndProject
Project("{2150E333-8FDC-42A3-9474-1A3956D46DE8}") = "samples", "samples", "{030FF2D4-3966-4D8E-8A13-F6F2BEE7CE14}"
EndProject
Project("{FAE04EC0-301F-11D3-BF4B-00C04F79EFBC}") = "Temporal.AspNetSample", "samples\Temporal.AspNetSample\Temporal.AspNetSample.csproj", "{4D0FDFF7-646B-467C-B322-DFDAA014395F}"
EndProject
Project("{FAE04EC0-301F-11D3-BF4B-00C04F79EFBC}") = "Temporal.ConsoleWorker", "samples\Temporal.ConsoleWorker\Temporal.ConsoleWorker.csproj", "{A97FD23B-1160-49DC-86BE-BCFB22E46BE5}"
EndProject
Global
	GlobalSection(SolutionConfigurationPlatforms) = preSolution
		Debug|Any CPU = Debug|Any CPU
		Release|Any CPU = Release|Any CPU
	EndGlobalSection
	GlobalSection(SolutionProperties) = preSolution
		HideSolutionNode = FALSE
	EndGlobalSection
	GlobalSection(ProjectConfigurationPlatforms) = postSolution
		{C67E9F04-D9B1-4769-9097-482AE147CFC4}.Debug|Any CPU.ActiveCfg = Debug|Any CPU
		{C67E9F04-D9B1-4769-9097-482AE147CFC4}.Debug|Any CPU.Build.0 = Debug|Any CPU
		{C67E9F04-D9B1-4769-9097-482AE147CFC4}.Release|Any CPU.ActiveCfg = Release|Any CPU
		{C67E9F04-D9B1-4769-9097-482AE147CFC4}.Release|Any CPU.Build.0 = Release|Any CPU
		{297CA128-AF4A-41CC-AE08-83DC97925191}.Debug|Any CPU.ActiveCfg = Debug|Any CPU
		{297CA128-AF4A-41CC-AE08-83DC97925191}.Debug|Any CPU.Build.0 = Debug|Any CPU
		{297CA128-AF4A-41CC-AE08-83DC97925191}.Release|Any CPU.ActiveCfg = Release|Any CPU
		{297CA128-AF4A-41CC-AE08-83DC97925191}.Release|Any CPU.Build.0 = Release|Any CPU
		{BD158526-2B10-42AF-8DE1-444197385AF7}.Debug|Any CPU.ActiveCfg = Debug|Any CPU
		{BD158526-2B10-42AF-8DE1-444197385AF7}.Debug|Any CPU.Build.0 = Debug|Any CPU
		{BD158526-2B10-42AF-8DE1-444197385AF7}.Release|Any CPU.ActiveCfg = Release|Any CPU
		{BD158526-2B10-42AF-8DE1-444197385AF7}.Release|Any CPU.Build.0 = Release|Any CPU
		{87862985-5347-4877-AC20-626CC36FBE97}.Debug|Any CPU.ActiveCfg = Debug|Any CPU
		{87862985-5347-4877-AC20-626CC36FBE97}.Debug|Any CPU.Build.0 = Debug|Any CPU
		{87862985-5347-4877-AC20-626CC36FBE97}.Release|Any CPU.ActiveCfg = Release|Any CPU
		{87862985-5347-4877-AC20-626CC36FBE97}.Release|Any CPU.Build.0 = Release|Any CPU
		{3696D74A-0A17-439D-8586-A0983B42429C}.Debug|Any CPU.ActiveCfg = Debug|Any CPU
		{3696D74A-0A17-439D-8586-A0983B42429C}.Debug|Any CPU.Build.0 = Debug|Any CPU
		{3696D74A-0A17-439D-8586-A0983B42429C}.Release|Any CPU.ActiveCfg = Release|Any CPU
		{3696D74A-0A17-439D-8586-A0983B42429C}.Release|Any CPU.Build.0 = Release|Any CPU
		{75CD7969-8A76-4B1C-9B66-680638EB218D}.Debug|Any CPU.ActiveCfg = Debug|Any CPU
		{75CD7969-8A76-4B1C-9B66-680638EB218D}.Debug|Any CPU.Build.0 = Debug|Any CPU
		{75CD7969-8A76-4B1C-9B66-680638EB218D}.Release|Any CPU.ActiveCfg = Release|Any CPU
		{75CD7969-8A76-4B1C-9B66-680638EB218D}.Release|Any CPU.Build.0 = Release|Any CPU
		{57E9BE32-C587-494C-8069-10E8C426A247}.Debug|Any CPU.ActiveCfg = Debug|Any CPU
		{57E9BE32-C587-494C-8069-10E8C426A247}.Debug|Any CPU.Build.0 = Debug|Any CPU
		{57E9BE32-C587-494C-8069-10E8C426A247}.Release|Any CPU.ActiveCfg = Release|Any CPU
		{57E9BE32-C587-494C-8069-10E8C426A247}.Release|Any CPU.Build.0 = Release|Any CPU
		{4D0FDFF7-646B-467C-B322-DFDAA014395F}.Debug|Any CPU.ActiveCfg = Debug|Any CPU
		{4D0FDFF7-646B-467C-B322-DFDAA014395F}.Debug|Any CPU.Build.0 = Debug|Any CPU
		{4D0FDFF7-646B-467C-B322-DFDAA014395F}.Release|Any CPU.ActiveCfg = Release|Any CPU
		{4D0FDFF7-646B-467C-B322-DFDAA014395F}.Release|Any CPU.Build.0 = Release|Any CPU
		{A97FD23B-1160-49DC-86BE-BCFB22E46BE5}.Debug|Any CPU.ActiveCfg = Debug|Any CPU
		{A97FD23B-1160-49DC-86BE-BCFB22E46BE5}.Debug|Any CPU.Build.0 = Debug|Any CPU
		{A97FD23B-1160-49DC-86BE-BCFB22E46BE5}.Release|Any CPU.ActiveCfg = Release|Any CPU
		{A97FD23B-1160-49DC-86BE-BCFB22E46BE5}.Release|Any CPU.Build.0 = Release|Any CPU
	EndGlobalSection
	GlobalSection(NestedProjects) = preSolution
		{C67E9F04-D9B1-4769-9097-482AE147CFC4} = {06F4A075-8F89-4117-8DAA-8E6E328A683D}
		{297CA128-AF4A-41CC-AE08-83DC97925191} = {06F4A075-8F89-4117-8DAA-8E6E328A683D}
		{BD158526-2B10-42AF-8DE1-444197385AF7} = {D08D863A-2835-4C63-AFC0-D85D190FA775}
		{87862985-5347-4877-8C20-626CC36FBE97} = {D08D863A-2835-4C63-AFC0-D85D190FA775}
		{3696D74A-0A17-439D-8586-A0983B42429C} = {06F4A075-8F89-4117-8DAA-8E6E328A683D}
		{75CD7969-8A76-4B1C-9B66-680638EB218D} = {D08D863A-2835-4C63-AFC0-D85D190FA775}
		{57E9BE32-C587-494C-8069-10E8C426A247} = {06F4A075-8F89-4117-8DAA-8E6E328A683D}
		{4D0FDFF7-646B-467C-B322-DFDAA014395F} = {030FF2D4-3966-4D8E-8A13-F6F2BEE7CE14}
		{A97FD23B-1160-49DC-86BE-BCFB22E46BE5} = {030FF2D4-3966-4D8E-8A13-F6F2BEE7CE14}
	EndGlobalSection
EndGlobal
